
Microsoft Visual Studio Solution File, Format Version 12.00
# Visual Studio Version 16
VisualStudioVersion = 16.0.30523.141
MinimumVisualStudioVersion = 10.0.40219.1
Project("{FAE04EC0-301F-11D3-BF4B-00C04F79EFBC}") = "Server App", "Server App\Server App.csproj", "{ADD5A22F-9F90-4C07-AF09-06F9E8B99832}"
EndProject
Global
	GlobalSection(SolutionConfigurationPlatforms) = preSolution
		Debug|Any CPU = Debug|Any CPU
		Release|Any CPU = Release|Any CPU
	EndGlobalSection
	GlobalSection(ProjectConfigurationPlatforms) = postSolution
		{ADD5A22F-9F90-4C07-AF09-06F9E8B99832}.Debug|Any CPU.ActiveCfg = Debug|Any CPU
		{ADD5A22F-9F90-4C07-AF09-06F9E8B99832}.Debug|Any CPU.Build.0 = Debug|Any CPU
		{ADD5A22F-9F90-4C07-AF09-06F9E8B99832}.Release|Any CPU.ActiveCfg = Release|Any CPU
		{ADD5A22F-9F90-4C07-AF09-06F9E8B99832}.Release|Any CPU.Build.0 = Release|Any CPU
	EndGlobalSection
	GlobalSection(SolutionProperties) = preSolution
		HideSolutionNode = FALSE
	EndGlobalSection
	GlobalSection(ExtensibilityGlobals) = postSolution
		SolutionGuid = {BE89182B-C3AA-464F-9E1B-0321283E0558}
	EndGlobalSection
EndGlobal
